// !$*UTF8*$!
{
	archiveVersion = 1;
	classes = {
	};
	objectVersion = 51;
	objects = {

/* Begin PBXBuildFile section */
		00160EDD23C1A97F002160DB /* Assets.xcassets in Resources */ = {isa = PBXBuildFile; fileRef = 00160EDC23C1A97F002160DB /* Assets.xcassets */; };
		001B797023C0C9DE00BC0459 /* AllProductViewController.swift in Sources */ = {isa = PBXBuildFile; fileRef = 001B796F23C0C9DE00BC0459 /* AllProductViewController.swift */; };
		001B797623C0E05300BC0459 /* AllProducts.swift in Sources */ = {isa = PBXBuildFile; fileRef = 001B797523C0E05300BC0459 /* AllProducts.swift */; };
		001B797B23C1068200BC0459 /* CollectionViewCell.swift in Sources */ = {isa = PBXBuildFile; fileRef = 001B797923C1068200BC0459 /* CollectionViewCell.swift */; };
		001B797C23C1068200BC0459 /* CollectionViewCell.xib in Resources */ = {isa = PBXBuildFile; fileRef = 001B797A23C1068200BC0459 /* CollectionViewCell.xib */; };
		005ABCCE23B0A04C0039E1C0 /* AppDelegate.swift in Sources */ = {isa = PBXBuildFile; fileRef = 005ABCCD23B0A04C0039E1C0 /* AppDelegate.swift */; };
		005ABCD823B0A04D0039E1C0 /* LaunchScreen.storyboard in Resources */ = {isa = PBXBuildFile; fileRef = 005ABCD623B0A04D0039E1C0 /* LaunchScreen.storyboard */; };
		005ABCE323B0A04D0039E1C0 /* GroceryTests.swift in Sources */ = {isa = PBXBuildFile; fileRef = 005ABCE223B0A04D0039E1C0 /* GroceryTests.swift */; };
		005ABCEE23B0A04D0039E1C0 /* GroceryUITests.swift in Sources */ = {isa = PBXBuildFile; fileRef = 005ABCED23B0A04D0039E1C0 /* GroceryUITests.swift */; };
		005ABCFC23B0A6CA0039E1C0 /* ShopViewController.swift in Sources */ = {isa = PBXBuildFile; fileRef = 005ABCFB23B0A6CA0039E1C0 /* ShopViewController.swift */; };
		005ABCFE23B0A74A0039E1C0 /* App.swift in Sources */ = {isa = PBXBuildFile; fileRef = 005ABCFD23B0A74A0039E1C0 /* App.swift */; };
		005ABD0023B0AA540039E1C0 /* CartViewController.swift in Sources */ = {isa = PBXBuildFile; fileRef = 005ABCFF23B0AA540039E1C0 /* CartViewController.swift */; };
		005ABD0223B0AA630039E1C0 /* SettingsViewController.swift in Sources */ = {isa = PBXBuildFile; fileRef = 005ABD0123B0AA630039E1C0 /* SettingsViewController.swift */; };
		00CC227A23BC79E800DCF959 /* Main.storyboard in Resources */ = {isa = PBXBuildFile; fileRef = 005ABCD123B0A04C0039E1C0 /* Main.storyboard */; };
		00D7812223B3593900D15E23 /* DataProvider.swift in Sources */ = {isa = PBXBuildFile; fileRef = 00D7812123B3593900D15E23 /* DataProvider.swift */; };
		00D7812423B3747200D15E23 /* Cetagories.swift in Sources */ = {isa = PBXBuildFile; fileRef = 00D7812323B3747200D15E23 /* Cetagories.swift */; };
		00D7812923B485CA00D15E23 /* TableViewCell.swift in Sources */ = {isa = PBXBuildFile; fileRef = 00D7812723B485CA00D15E23 /* TableViewCell.swift */; };
		00D7812A23B485CA00D15E23 /* TableViewCell.xib in Resources */ = {isa = PBXBuildFile; fileRef = 00D7812823B485CA00D15E23 /* TableViewCell.xib */; };
		192D47DD4CABA9A0AC442F9B /* Pods_GroceryTests.framework in Frameworks */ = {isa = PBXBuildFile; fileRef = 375F041FADE4C978D2D2C0F2 /* Pods_GroceryTests.framework */; };
		82CEE1F932C2F96E69FE7DBE /* Pods_Grocery_GroceryUITests.framework in Frameworks */ = {isa = PBXBuildFile; fileRef = EA5610AAC38189073A1B3947 /* Pods_Grocery_GroceryUITests.framework */; };
		B3CC87A39E550417FC95E177 /* Pods_Grocery.framework in Frameworks */ = {isa = PBXBuildFile; fileRef = 6BBC66A1EEEAB8C54E024727 /* Pods_Grocery.framework */; };
/* End PBXBuildFile section */

/* Begin PBXContainerItemProxy section */
		005ABCDF23B0A04D0039E1C0 /* PBXContainerItemProxy */ = {
			isa = PBXContainerItemProxy;
			containerPortal = 005ABCC223B0A04C0039E1C0 /* Project object */;
			proxyType = 1;
			remoteGlobalIDString = 005ABCC923B0A04C0039E1C0;
			remoteInfo = Grocery;
		};
		005ABCEA23B0A04D0039E1C0 /* PBXContainerItemProxy */ = {
			isa = PBXContainerItemProxy;
			containerPortal = 005ABCC223B0A04C0039E1C0 /* Project object */;
			proxyType = 1;
			remoteGlobalIDString = 005ABCC923B0A04C0039E1C0;
			remoteInfo = Grocery;
		};
/* End PBXContainerItemProxy section */

/* Begin PBXFileReference section */
		00160EDC23C1A97F002160DB /* Assets.xcassets */ = {isa = PBXFileReference; lastKnownFileType = folder.assetcatalog; path = Assets.xcassets; sourceTree = SOURCE_ROOT; };
		001B796F23C0C9DE00BC0459 /* AllProductViewController.swift */ = {isa = PBXFileReference; lastKnownFileType = sourcecode.swift; path = AllProductViewController.swift; sourceTree = "<group>"; };
		001B797523C0E05300BC0459 /* AllProducts.swift */ = {isa = PBXFileReference; lastKnownFileType = sourcecode.swift; path = AllProducts.swift; sourceTree = "<group>"; };
		001B797923C1068200BC0459 /* CollectionViewCell.swift */ = {isa = PBXFileReference; lastKnownFileType = sourcecode.swift; path = CollectionViewCell.swift; sourceTree = "<group>"; };
		001B797A23C1068200BC0459 /* CollectionViewCell.xib */ = {isa = PBXFileReference; lastKnownFileType = file.xib; path = CollectionViewCell.xib; sourceTree = "<group>"; };
		005ABCCA23B0A04C0039E1C0 /* Grocery.app */ = {isa = PBXFileReference; explicitFileType = wrapper.application; includeInIndex = 0; path = Grocery.app; sourceTree = BUILT_PRODUCTS_DIR; };
		005ABCCD23B0A04C0039E1C0 /* AppDelegate.swift */ = {isa = PBXFileReference; lastKnownFileType = sourcecode.swift; path = AppDelegate.swift; sourceTree = "<group>"; };
		005ABCD223B0A04C0039E1C0 /* Base */ = {isa = PBXFileReference; lastKnownFileType = file.storyboard; name = Base; path = Base.lproj/Main.storyboard; sourceTree = "<group>"; };
		005ABCD723B0A04D0039E1C0 /* Base */ = {isa = PBXFileReference; lastKnownFileType = file.storyboard; name = Base; path = Base.lproj/LaunchScreen.storyboard; sourceTree = "<group>"; };
		005ABCD923B0A04D0039E1C0 /* Info.plist */ = {isa = PBXFileReference; lastKnownFileType = text.plist.xml; path = Info.plist; sourceTree = "<group>"; };
		005ABCDE23B0A04D0039E1C0 /* GroceryTests.xctest */ = {isa = PBXFileReference; explicitFileType = wrapper.cfbundle; includeInIndex = 0; path = GroceryTests.xctest; sourceTree = BUILT_PRODUCTS_DIR; };
		005ABCE223B0A04D0039E1C0 /* GroceryTests.swift */ = {isa = PBXFileReference; lastKnownFileType = sourcecode.swift; path = GroceryTests.swift; sourceTree = "<group>"; };
		005ABCE423B0A04D0039E1C0 /* Info.plist */ = {isa = PBXFileReference; lastKnownFileType = text.plist.xml; path = Info.plist; sourceTree = "<group>"; };
		005ABCE923B0A04D0039E1C0 /* GroceryUITests.xctest */ = {isa = PBXFileReference; explicitFileType = wrapper.cfbundle; includeInIndex = 0; path = GroceryUITests.xctest; sourceTree = BUILT_PRODUCTS_DIR; };
		005ABCED23B0A04D0039E1C0 /* GroceryUITests.swift */ = {isa = PBXFileReference; lastKnownFileType = sourcecode.swift; path = GroceryUITests.swift; sourceTree = "<group>"; };
		005ABCEF23B0A04D0039E1C0 /* Info.plist */ = {isa = PBXFileReference; lastKnownFileType = text.plist.xml; path = Info.plist; sourceTree = "<group>"; };
		005ABCFB23B0A6CA0039E1C0 /* ShopViewController.swift */ = {isa = PBXFileReference; lastKnownFileType = sourcecode.swift; path = ShopViewController.swift; sourceTree = "<group>"; };
		005ABCFD23B0A74A0039E1C0 /* App.swift */ = {isa = PBXFileReference; lastKnownFileType = sourcecode.swift; path = App.swift; sourceTree = "<group>"; };
		005ABCFF23B0AA540039E1C0 /* CartViewController.swift */ = {isa = PBXFileReference; lastKnownFileType = sourcecode.swift; path = CartViewController.swift; sourceTree = "<group>"; };
		005ABD0123B0AA630039E1C0 /* SettingsViewController.swift */ = {isa = PBXFileReference; lastKnownFileType = sourcecode.swift; path = SettingsViewController.swift; sourceTree = "<group>"; };
		00D7812123B3593900D15E23 /* DataProvider.swift */ = {isa = PBXFileReference; lastKnownFileType = sourcecode.swift; path = DataProvider.swift; sourceTree = "<group>"; };
		00D7812323B3747200D15E23 /* Cetagories.swift */ = {isa = PBXFileReference; lastKnownFileType = sourcecode.swift; path = Cetagories.swift; sourceTree = "<group>"; };
		00D7812723B485CA00D15E23 /* TableViewCell.swift */ = {isa = PBXFileReference; lastKnownFileType = sourcecode.swift; path = TableViewCell.swift; sourceTree = "<group>"; };
		00D7812823B485CA00D15E23 /* TableViewCell.xib */ = {isa = PBXFileReference; lastKnownFileType = file.xib; path = TableViewCell.xib; sourceTree = "<group>"; };
		2F93C6CAD32306876932C7D3 /* Pods-Grocery.debug.xcconfig */ = {isa = PBXFileReference; includeInIndex = 1; lastKnownFileType = text.xcconfig; name = "Pods-Grocery.debug.xcconfig"; path = "Target Support Files/Pods-Grocery/Pods-Grocery.debug.xcconfig"; sourceTree = "<group>"; };
		375F041FADE4C978D2D2C0F2 /* Pods_GroceryTests.framework */ = {isa = PBXFileReference; explicitFileType = wrapper.framework; includeInIndex = 0; path = Pods_GroceryTests.framework; sourceTree = BUILT_PRODUCTS_DIR; };
		424BA2E9AC3D66E8B0DB2066 /* Pods-Grocery-GroceryUITests.debug.xcconfig */ = {isa = PBXFileReference; includeInIndex = 1; lastKnownFileType = text.xcconfig; name = "Pods-Grocery-GroceryUITests.debug.xcconfig"; path = "Target Support Files/Pods-Grocery-GroceryUITests/Pods-Grocery-GroceryUITests.debug.xcconfig"; sourceTree = "<group>"; };
		6BBC66A1EEEAB8C54E024727 /* Pods_Grocery.framework */ = {isa = PBXFileReference; explicitFileType = wrapper.framework; includeInIndex = 0; path = Pods_Grocery.framework; sourceTree = BUILT_PRODUCTS_DIR; };
		7B44589982F93BF536ACF026 /* Pods-GroceryTests.debug.xcconfig */ = {isa = PBXFileReference; includeInIndex = 1; lastKnownFileType = text.xcconfig; name = "Pods-GroceryTests.debug.xcconfig"; path = "Target Support Files/Pods-GroceryTests/Pods-GroceryTests.debug.xcconfig"; sourceTree = "<group>"; };
		8515E94F786671022813EE27 /* Pods-Grocery.release.xcconfig */ = {isa = PBXFileReference; includeInIndex = 1; lastKnownFileType = text.xcconfig; name = "Pods-Grocery.release.xcconfig"; path = "Target Support Files/Pods-Grocery/Pods-Grocery.release.xcconfig"; sourceTree = "<group>"; };
		AB68887014310CCF30B7D45E /* Pods-Grocery-GroceryUITests.release.xcconfig */ = {isa = PBXFileReference; includeInIndex = 1; lastKnownFileType = text.xcconfig; name = "Pods-Grocery-GroceryUITests.release.xcconfig"; path = "Target Support Files/Pods-Grocery-GroceryUITests/Pods-Grocery-GroceryUITests.release.xcconfig"; sourceTree = "<group>"; };
		BDFB53DAE12981FD3341AE92 /* Pods-GroceryTests.release.xcconfig */ = {isa = PBXFileReference; includeInIndex = 1; lastKnownFileType = text.xcconfig; name = "Pods-GroceryTests.release.xcconfig"; path = "Target Support Files/Pods-GroceryTests/Pods-GroceryTests.release.xcconfig"; sourceTree = "<group>"; };
		EA5610AAC38189073A1B3947 /* Pods_Grocery_GroceryUITests.framework */ = {isa = PBXFileReference; explicitFileType = wrapper.framework; includeInIndex = 0; path = Pods_Grocery_GroceryUITests.framework; sourceTree = BUILT_PRODUCTS_DIR; };
/* End PBXFileReference section */

/* Begin PBXFrameworksBuildPhase section */
		005ABCC723B0A04C0039E1C0 /* Frameworks */ = {
			isa = PBXFrameworksBuildPhase;
			buildActionMask = 2147483647;
			files = (
				B3CC87A39E550417FC95E177 /* Pods_Grocery.framework in Frameworks */,
			);
			runOnlyForDeploymentPostprocessing = 0;
		};
		005ABCDB23B0A04D0039E1C0 /* Frameworks */ = {
			isa = PBXFrameworksBuildPhase;
			buildActionMask = 2147483647;
			files = (
				192D47DD4CABA9A0AC442F9B /* Pods_GroceryTests.framework in Frameworks */,
			);
			runOnlyForDeploymentPostprocessing = 0;
		};
		005ABCE623B0A04D0039E1C0 /* Frameworks */ = {
			isa = PBXFrameworksBuildPhase;
			buildActionMask = 2147483647;
			files = (
				82CEE1F932C2F96E69FE7DBE /* Pods_Grocery_GroceryUITests.framework in Frameworks */,
			);
			runOnlyForDeploymentPostprocessing = 0;
		};
/* End PBXFrameworksBuildPhase section */

/* Begin PBXGroup section */
		005ABCC123B0A04C0039E1C0 = {
			isa = PBXGroup;
			children = (
				00D7812B23B485E700D15E23 /* TableViewCell */,
				005ABCCC23B0A04C0039E1C0 /* Grocery */,
				005ABCE123B0A04D0039E1C0 /* GroceryTests */,
				005ABCEC23B0A04D0039E1C0 /* GroceryUITests */,
				005ABCCB23B0A04C0039E1C0 /* Products */,
				881D74EE9D7CCA6ECFD23647 /* Pods */,
				8D6234E6B9A08F669F79A438 /* Frameworks */,
			);
			sourceTree = "<group>";
		};
		005ABCCB23B0A04C0039E1C0 /* Products */ = {
			isa = PBXGroup;
			children = (
				005ABCCA23B0A04C0039E1C0 /* Grocery.app */,
				005ABCDE23B0A04D0039E1C0 /* GroceryTests.xctest */,
				005ABCE923B0A04D0039E1C0 /* GroceryUITests.xctest */,
			);
			name = Products;
			sourceTree = "<group>";
		};
		005ABCCC23B0A04C0039E1C0 /* Grocery */ = {
			isa = PBXGroup;
			children = (
				005ABCCD23B0A04C0039E1C0 /* AppDelegate.swift */,
				005ABCD123B0A04C0039E1C0 /* Main.storyboard */,
				00160EDC23C1A97F002160DB /* Assets.xcassets */,
				005ABCD623B0A04D0039E1C0 /* LaunchScreen.storyboard */,
				005ABCD923B0A04D0039E1C0 /* Info.plist */,
				00D7812523B484D900D15E23 /* All of Controllers */,
				00D7812623B4852100D15E23 /* All of Data */,
			);
			path = Grocery;
			sourceTree = "<group>";
		};
		005ABCE123B0A04D0039E1C0 /* GroceryTests */ = {
			isa = PBXGroup;
			children = (
				005ABCE223B0A04D0039E1C0 /* GroceryTests.swift */,
				005ABCE423B0A04D0039E1C0 /* Info.plist */,
			);
			path = GroceryTests;
			sourceTree = "<group>";
		};
		005ABCEC23B0A04D0039E1C0 /* GroceryUITests */ = {
			isa = PBXGroup;
			children = (
				005ABCED23B0A04D0039E1C0 /* GroceryUITests.swift */,
				005ABCEF23B0A04D0039E1C0 /* Info.plist */,
			);
			path = GroceryUITests;
			sourceTree = "<group>";
		};
		00D7812523B484D900D15E23 /* All of Controllers */ = {
			isa = PBXGroup;
			children = (
				005ABD0123B0AA630039E1C0 /* SettingsViewController.swift */,
				005ABCFF23B0AA540039E1C0 /* CartViewController.swift */,
				005ABCFB23B0A6CA0039E1C0 /* ShopViewController.swift */,
				001B796F23C0C9DE00BC0459 /* AllProductViewController.swift */,
			);
			path = "All of Controllers";
			sourceTree = "<group>";
		};
		00D7812623B4852100D15E23 /* All of Data */ = {
			isa = PBXGroup;
			children = (
				005ABCFD23B0A74A0039E1C0 /* App.swift */,
				00D7812123B3593900D15E23 /* DataProvider.swift */,
				00D7812323B3747200D15E23 /* Cetagories.swift */,
				001B797523C0E05300BC0459 /* AllProducts.swift */,
			);
			path = "All of Data";
			sourceTree = "<group>";
		};
		00D7812B23B485E700D15E23 /* TableViewCell */ = {
			isa = PBXGroup;
			children = (
				00D7812723B485CA00D15E23 /* TableViewCell.swift */,
				00D7812823B485CA00D15E23 /* TableViewCell.xib */,
				001B797923C1068200BC0459 /* CollectionViewCell.swift */,
				001B797A23C1068200BC0459 /* CollectionViewCell.xib */,
			);
			path = TableViewCell;
			sourceTree = "<group>";
		};
		881D74EE9D7CCA6ECFD23647 /* Pods */ = {
			isa = PBXGroup;
			children = (
				2F93C6CAD32306876932C7D3 /* Pods-Grocery.debug.xcconfig */,
				8515E94F786671022813EE27 /* Pods-Grocery.release.xcconfig */,
				424BA2E9AC3D66E8B0DB2066 /* Pods-Grocery-GroceryUITests.debug.xcconfig */,
				AB68887014310CCF30B7D45E /* Pods-Grocery-GroceryUITests.release.xcconfig */,
				7B44589982F93BF536ACF026 /* Pods-GroceryTests.debug.xcconfig */,
				BDFB53DAE12981FD3341AE92 /* Pods-GroceryTests.release.xcconfig */,
			);
			path = Pods;
			sourceTree = "<group>";
		};
		8D6234E6B9A08F669F79A438 /* Frameworks */ = {
			isa = PBXGroup;
			children = (
				6BBC66A1EEEAB8C54E024727 /* Pods_Grocery.framework */,
				EA5610AAC38189073A1B3947 /* Pods_Grocery_GroceryUITests.framework */,
				375F041FADE4C978D2D2C0F2 /* Pods_GroceryTests.framework */,
			);
			name = Frameworks;
			sourceTree = "<group>";
		};
/* End PBXGroup section */

/* Begin PBXNativeTarget section */
		005ABCC923B0A04C0039E1C0 /* Grocery */ = {
			isa = PBXNativeTarget;
			buildConfigurationList = 005ABCF223B0A04D0039E1C0 /* Build configuration list for PBXNativeTarget "Grocery" */;
			buildPhases = (
				CBFB21F8B8BF77930038787D /* [CP] Check Pods Manifest.lock */,
				005ABCC623B0A04C0039E1C0 /* Sources */,
				005ABCC723B0A04C0039E1C0 /* Frameworks */,
				005ABCC823B0A04C0039E1C0 /* Resources */,
				A57917CDAD3F44F496A74598 /* [CP] Embed Pods Frameworks */,
			);
			buildRules = (
			);
			dependencies = (
			);
			name = Grocery;
			productName = Grocery;
			productReference = 005ABCCA23B0A04C0039E1C0 /* Grocery.app */;
			productType = "com.apple.product-type.application";
		};
		005ABCDD23B0A04D0039E1C0 /* GroceryTests */ = {
			isa = PBXNativeTarget;
			buildConfigurationList = 005ABCF523B0A04D0039E1C0 /* Build configuration list for PBXNativeTarget "GroceryTests" */;
			buildPhases = (
				F370C8F95FC8817F82F94FC0 /* [CP] Check Pods Manifest.lock */,
				005ABCDA23B0A04D0039E1C0 /* Sources */,
				005ABCDB23B0A04D0039E1C0 /* Frameworks */,
				005ABCDC23B0A04D0039E1C0 /* Resources */,
			);
			buildRules = (
			);
			dependencies = (
				005ABCE023B0A04D0039E1C0 /* PBXTargetDependency */,
			);
			name = GroceryTests;
			productName = GroceryTests;
			productReference = 005ABCDE23B0A04D0039E1C0 /* GroceryTests.xctest */;
			productType = "com.apple.product-type.bundle.unit-test";
		};
		005ABCE823B0A04D0039E1C0 /* GroceryUITests */ = {
			isa = PBXNativeTarget;
			buildConfigurationList = 005ABCF823B0A04D0039E1C0 /* Build configuration list for PBXNativeTarget "GroceryUITests" */;
			buildPhases = (
				52C5E2B067817281CDC5EF9F /* [CP] Check Pods Manifest.lock */,
				005ABCE523B0A04D0039E1C0 /* Sources */,
				005ABCE623B0A04D0039E1C0 /* Frameworks */,
				005ABCE723B0A04D0039E1C0 /* Resources */,
				7A7DF881B691D0D7A48A83F1 /* [CP] Embed Pods Frameworks */,
			);
			buildRules = (
			);
			dependencies = (
				005ABCEB23B0A04D0039E1C0 /* PBXTargetDependency */,
			);
			name = GroceryUITests;
			productName = GroceryUITests;
			productReference = 005ABCE923B0A04D0039E1C0 /* GroceryUITests.xctest */;
			productType = "com.apple.product-type.bundle.ui-testing";
		};
/* End PBXNativeTarget section */

/* Begin PBXProject section */
		005ABCC223B0A04C0039E1C0 /* Project object */ = {
			isa = PBXProject;
			attributes = {
				LastSwiftUpdateCheck = 1030;
				LastUpgradeCheck = 1030;
				ORGANIZATIONNAME = ecomarce;
				TargetAttributes = {
					005ABCC923B0A04C0039E1C0 = {
						CreatedOnToolsVersion = 10.3;
					};
					005ABCDD23B0A04D0039E1C0 = {
						CreatedOnToolsVersion = 10.3;
						TestTargetID = 005ABCC923B0A04C0039E1C0;
					};
					005ABCE823B0A04D0039E1C0 = {
						CreatedOnToolsVersion = 10.3;
						TestTargetID = 005ABCC923B0A04C0039E1C0;
					};
				};
			};
			buildConfigurationList = 005ABCC523B0A04C0039E1C0 /* Build configuration list for PBXProject "Grocery" */;
			compatibilityVersion = "Xcode 9.3";
			developmentRegion = en;
			hasScannedForEncodings = 0;
			knownRegions = (
				en,
				Base,
			);
			mainGroup = 005ABCC123B0A04C0039E1C0;
			productRefGroup = 005ABCCB23B0A04C0039E1C0 /* Products */;
			projectDirPath = "";
			projectRoot = "";
			targets = (
				005ABCC923B0A04C0039E1C0 /* Grocery */,
				005ABCDD23B0A04D0039E1C0 /* GroceryTests */,
				005ABCE823B0A04D0039E1C0 /* GroceryUITests */,
			);
		};
/* End PBXProject section */

/* Begin PBXResourcesBuildPhase section */
		005ABCC823B0A04C0039E1C0 /* Resources */ = {
			isa = PBXResourcesBuildPhase;
			buildActionMask = 2147483647;
			files = (
				005ABCD823B0A04D0039E1C0 /* LaunchScreen.storyboard in Resources */,
				00D7812A23B485CA00D15E23 /* TableViewCell.xib in Resources */,
				00CC227A23BC79E800DCF959 /* Main.storyboard in Resources */,
				00160EDD23C1A97F002160DB /* Assets.xcassets in Resources */,
				001B797C23C1068200BC0459 /* CollectionViewCell.xib in Resources */,
			);
			runOnlyForDeploymentPostprocessing = 0;
		};
		005ABCDC23B0A04D0039E1C0 /* Resources */ = {
			isa = PBXResourcesBuildPhase;
			buildActionMask = 2147483647;
			files = (
			);
			runOnlyForDeploymentPostprocessing = 0;
		};
		005ABCE723B0A04D0039E1C0 /* Resources */ = {
			isa = PBXResourcesBuildPhase;
			buildActionMask = 2147483647;
			files = (
			);
			runOnlyForDeploymentPostprocessing = 0;
		};
/* End PBXResourcesBuildPhase section */

/* Begin PBXShellScriptBuildPhase section */
		52C5E2B067817281CDC5EF9F /* [CP] Check Pods Manifest.lock */ = {
			isa = PBXShellScriptBuildPhase;
			buildActionMask = 2147483647;
			files = (
			);
			inputFileListPaths = (
			);
			inputPaths = (
				"${PODS_PODFILE_DIR_PATH}/Podfile.lock",
				"${PODS_ROOT}/Manifest.lock",
			);
			name = "[CP] Check Pods Manifest.lock";
			outputFileListPaths = (
			);
			outputPaths = (
				"$(DERIVED_FILE_DIR)/Pods-Grocery-GroceryUITests-checkManifestLockResult.txt",
			);
			runOnlyForDeploymentPostprocessing = 0;
			shellPath = /bin/sh;
			shellScript = "diff \"${PODS_PODFILE_DIR_PATH}/Podfile.lock\" \"${PODS_ROOT}/Manifest.lock\" > /dev/null\nif [ $? != 0 ] ; then\n    # print error to STDERR\n    echo \"error: The sandbox is not in sync with the Podfile.lock. Run 'pod install' or update your CocoaPods installation.\" >&2\n    exit 1\nfi\n# This output is used by Xcode 'outputs' to avoid re-running this script phase.\necho \"SUCCESS\" > \"${SCRIPT_OUTPUT_FILE_0}\"\n";
			showEnvVarsInLog = 0;
		};
		7A7DF881B691D0D7A48A83F1 /* [CP] Embed Pods Frameworks */ = {
			isa = PBXShellScriptBuildPhase;
			buildActionMask = 2147483647;
			files = (
			);
			inputFileListPaths = (
				"${PODS_ROOT}/Target Support Files/Pods-Grocery-GroceryUITests/Pods-Grocery-GroceryUITests-frameworks-${CONFIGURATION}-input-files.xcfilelist",
			);
			name = "[CP] Embed Pods Frameworks";
			outputFileListPaths = (
				"${PODS_ROOT}/Target Support Files/Pods-Grocery-GroceryUITests/Pods-Grocery-GroceryUITests-frameworks-${CONFIGURATION}-output-files.xcfilelist",
			);
			runOnlyForDeploymentPostprocessing = 0;
			shellPath = /bin/sh;
			shellScript = "\"${PODS_ROOT}/Target Support Files/Pods-Grocery-GroceryUITests/Pods-Grocery-GroceryUITests-frameworks.sh\"\n";
			showEnvVarsInLog = 0;
		};
		A57917CDAD3F44F496A74598 /* [CP] Embed Pods Frameworks */ = {
			isa = PBXShellScriptBuildPhase;
			buildActionMask = 2147483647;
			files = (
			);
			inputFileListPaths = (
				"${PODS_ROOT}/Target Support Files/Pods-Grocery/Pods-Grocery-frameworks-${CONFIGURATION}-input-files.xcfilelist",
			);
			name = "[CP] Embed Pods Frameworks";
			outputFileListPaths = (
				"${PODS_ROOT}/Target Support Files/Pods-Grocery/Pods-Grocery-frameworks-${CONFIGURATION}-output-files.xcfilelist",
			);
			runOnlyForDeploymentPostprocessing = 0;
			shellPath = /bin/sh;
			shellScript = "\"${PODS_ROOT}/Target Support Files/Pods-Grocery/Pods-Grocery-frameworks.sh\"\n";
			showEnvVarsInLog = 0;
		};
		CBFB21F8B8BF77930038787D /* [CP] Check Pods Manifest.lock */ = {
			isa = PBXShellScriptBuildPhase;
			buildActionMask = 2147483647;
			files = (
			);
			inputFileListPaths = (
			);
			inputPaths = (
				"${PODS_PODFILE_DIR_PATH}/Podfile.lock",
				"${PODS_ROOT}/Manifest.lock",
			);
			name = "[CP] Check Pods Manifest.lock";
			outputFileListPaths = (
			);
			outputPaths = (
				"$(DERIVED_FILE_DIR)/Pods-Grocery-checkManifestLockResult.txt",
			);
			runOnlyForDeploymentPostprocessing = 0;
			shellPath = /bin/sh;
			shellScript = "diff \"${PODS_PODFILE_DIR_PATH}/Podfile.lock\" \"${PODS_ROOT}/Manifest.lock\" > /dev/null\nif [ $? != 0 ] ; then\n    # print error to STDERR\n    echo \"error: The sandbox is not in sync with the Podfile.lock. Run 'pod install' or update your CocoaPods installation.\" >&2\n    exit 1\nfi\n# This output is used by Xcode 'outputs' to avoid re-running this script phase.\necho \"SUCCESS\" > \"${SCRIPT_OUTPUT_FILE_0}\"\n";
			showEnvVarsInLog = 0;
		};
		F370C8F95FC8817F82F94FC0 /* [CP] Check Pods Manifest.lock */ = {
			isa = PBXShellScriptBuildPhase;
			buildActionMask = 2147483647;
			files = (
			);
			inputFileListPaths = (
			);
			inputPaths = (
				"${PODS_PODFILE_DIR_PATH}/Podfile.lock",
				"${PODS_ROOT}/Manifest.lock",
			);
			name = "[CP] Check Pods Manifest.lock";
			outputFileListPaths = (
			);
			outputPaths = (
				"$(DERIVED_FILE_DIR)/Pods-GroceryTests-checkManifestLockResult.txt",
			);
			runOnlyForDeploymentPostprocessing = 0;
			shellPath = /bin/sh;
			shellScript = "diff \"${PODS_PODFILE_DIR_PATH}/Podfile.lock\" \"${PODS_ROOT}/Manifest.lock\" > /dev/null\nif [ $? != 0 ] ; then\n    # print error to STDERR\n    echo \"error: The sandbox is not in sync with the Podfile.lock. Run 'pod install' or update your CocoaPods installation.\" >&2\n    exit 1\nfi\n# This output is used by Xcode 'outputs' to avoid re-running this script phase.\necho \"SUCCESS\" > \"${SCRIPT_OUTPUT_FILE_0}\"\n";
			showEnvVarsInLog = 0;
		};
/* End PBXShellScriptBuildPhase section */

/* Begin PBXSourcesBuildPhase section */
		005ABCC623B0A04C0039E1C0 /* Sources */ = {
			isa = PBXSourcesBuildPhase;
			buildActionMask = 2147483647;
			files = (
				00D7812223B3593900D15E23 /* DataProvider.swift in Sources */,
				001B797023C0C9DE00BC0459 /* AllProductViewController.swift in Sources */,
				00D7812923B485CA00D15E23 /* TableViewCell.swift in Sources */,
				001B797623C0E05300BC0459 /* AllProducts.swift in Sources */,
				00D7812423B3747200D15E23 /* Cetagories.swift in Sources */,
				005ABCFE23B0A74A0039E1C0 /* App.swift in Sources */,
				005ABD0023B0AA540039E1C0 /* CartViewController.swift in Sources */,
				005ABCCE23B0A04C0039E1C0 /* AppDelegate.swift in Sources */,
				005ABCFC23B0A6CA0039E1C0 /* ShopViewController.swift in Sources */,
				005ABD0223B0AA630039E1C0 /* SettingsViewController.swift in Sources */,
				001B797B23C1068200BC0459 /* CollectionViewCell.swift in Sources */,
			);
			runOnlyForDeploymentPostprocessing = 0;
		};
		005ABCDA23B0A04D0039E1C0 /* Sources */ = {
			isa = PBXSourcesBuildPhase;
			buildActionMask = 2147483647;
			files = (
				005ABCE323B0A04D0039E1C0 /* GroceryTests.swift in Sources */,
			);
			runOnlyForDeploymentPostprocessing = 0;
		};
		005ABCE523B0A04D0039E1C0 /* Sources */ = {
			isa = PBXSourcesBuildPhase;
			buildActionMask = 2147483647;
			files = (
				005ABCEE23B0A04D0039E1C0 /* GroceryUITests.swift in Sources */,
			);
			runOnlyForDeploymentPostprocessing = 0;
		};
/* End PBXSourcesBuildPhase section */

/* Begin PBXTargetDependency section */
		005ABCE023B0A04D0039E1C0 /* PBXTargetDependency */ = {
			isa = PBXTargetDependency;
			target = 005ABCC923B0A04C0039E1C0 /* Grocery */;
			targetProxy = 005ABCDF23B0A04D0039E1C0 /* PBXContainerItemProxy */;
		};
		005ABCEB23B0A04D0039E1C0 /* PBXTargetDependency */ = {
			isa = PBXTargetDependency;
			target = 005ABCC923B0A04C0039E1C0 /* Grocery */;
			targetProxy = 005ABCEA23B0A04D0039E1C0 /* PBXContainerItemProxy */;
		};
/* End PBXTargetDependency section */

/* Begin PBXVariantGroup section */
		005ABCD123B0A04C0039E1C0 /* Main.storyboard */ = {
			isa = PBXVariantGroup;
			children = (
				005ABCD223B0A04C0039E1C0 /* Base */,
			);
			name = Main.storyboard;
			sourceTree = "<group>";
		};
		005ABCD623B0A04D0039E1C0 /* LaunchScreen.storyboard */ = {
			isa = PBXVariantGroup;
			children = (
				005ABCD723B0A04D0039E1C0 /* Base */,
			);
			name = LaunchScreen.storyboard;
			sourceTree = "<group>";
		};
/* End PBXVariantGroup section */

/* Begin XCBuildConfiguration section */
		005ABCF023B0A04D0039E1C0 /* Debug */ = {
			isa = XCBuildConfiguration;
			buildSettings = {
				ALWAYS_SEARCH_USER_PATHS = NO;
				CLANG_ANALYZER_NONNULL = YES;
				CLANG_ANALYZER_NUMBER_OBJECT_CONVERSION = YES_AGGRESSIVE;
				CLANG_CXX_LANGUAGE_STANDARD = "gnu++14";
				CLANG_CXX_LIBRARY = "libc++";
				CLANG_ENABLE_MODULES = YES;
				CLANG_ENABLE_OBJC_ARC = YES;
				CLANG_ENABLE_OBJC_WEAK = YES;
				CLANG_WARN_BLOCK_CAPTURE_AUTORELEASING = YES;
				CLANG_WARN_BOOL_CONVERSION = YES;
				CLANG_WARN_COMMA = YES;
				CLANG_WARN_CONSTANT_CONVERSION = YES;
				CLANG_WARN_DEPRECATED_OBJC_IMPLEMENTATIONS = YES;
				CLANG_WARN_DIRECT_OBJC_ISA_USAGE = YES_ERROR;
				CLANG_WARN_DOCUMENTATION_COMMENTS = YES;
				CLANG_WARN_EMPTY_BODY = YES;
				CLANG_WARN_ENUM_CONVERSION = YES;
				CLANG_WARN_INFINITE_RECURSION = YES;
				CLANG_WARN_INT_CONVERSION = YES;
				CLANG_WARN_NON_LITERAL_NULL_CONVERSION = YES;
				CLANG_WARN_OBJC_IMPLICIT_RETAIN_SELF = YES;
				CLANG_WARN_OBJC_LITERAL_CONVERSION = YES;
				CLANG_WARN_OBJC_ROOT_CLASS = YES_ERROR;
				CLANG_WARN_RANGE_LOOP_ANALYSIS = YES;
				CLANG_WARN_STRICT_PROTOTYPES = YES;
				CLANG_WARN_SUSPICIOUS_MOVE = YES;
				CLANG_WARN_UNGUARDED_AVAILABILITY = YES_AGGRESSIVE;
				CLANG_WARN_UNREACHABLE_CODE = YES;
				CLANG_WARN__DUPLICATE_METHOD_MATCH = YES;
				CODE_SIGN_IDENTITY = "iPhone Developer";
				COPY_PHASE_STRIP = NO;
				DEBUG_INFORMATION_FORMAT = dwarf;
				ENABLE_STRICT_OBJC_MSGSEND = YES;
				ENABLE_TESTABILITY = YES;
				GCC_C_LANGUAGE_STANDARD = gnu11;
				GCC_DYNAMIC_NO_PIC = NO;
				GCC_NO_COMMON_BLOCKS = YES;
				GCC_OPTIMIZATION_LEVEL = 0;
				GCC_PREPROCESSOR_DEFINITIONS = (
					"DEBUG=1",
					"$(inherited)",
				);
				GCC_WARN_64_TO_32_BIT_CONVERSION = YES;
				GCC_WARN_ABOUT_RETURN_TYPE = YES_ERROR;
				GCC_WARN_UNDECLARED_SELECTOR = YES;
				GCC_WARN_UNINITIALIZED_AUTOS = YES_AGGRESSIVE;
				GCC_WARN_UNUSED_FUNCTION = YES;
				GCC_WARN_UNUSED_VARIABLE = YES;
				IPHONEOS_DEPLOYMENT_TARGET = 12.4;
				MTL_ENABLE_DEBUG_INFO = INCLUDE_SOURCE;
				MTL_FAST_MATH = YES;
				ONLY_ACTIVE_ARCH = YES;
				SDKROOT = iphoneos;
				SWIFT_ACTIVE_COMPILATION_CONDITIONS = DEBUG;
				SWIFT_OPTIMIZATION_LEVEL = "-Onone";
			};
			name = Debug;
		};
		005ABCF123B0A04D0039E1C0 /* Release */ = {
			isa = XCBuildConfiguration;
			buildSettings = {
				ALWAYS_SEARCH_USER_PATHS = NO;
				CLANG_ANALYZER_NONNULL = YES;
				CLANG_ANALYZER_NUMBER_OBJECT_CONVERSION = YES_AGGRESSIVE;
				CLANG_CXX_LANGUAGE_STANDARD = "gnu++14";
				CLANG_CXX_LIBRARY = "libc++";
				CLANG_ENABLE_MODULES = YES;
				CLANG_ENABLE_OBJC_ARC = YES;
				CLANG_ENABLE_OBJC_WEAK = YES;
				CLANG_WARN_BLOCK_CAPTURE_AUTORELEASING = YES;
				CLANG_WARN_BOOL_CONVERSION = YES;
				CLANG_WARN_COMMA = YES;
				CLANG_WARN_CONSTANT_CONVERSION = YES;
				CLANG_WARN_DEPRECATED_OBJC_IMPLEMENTATIONS = YES;
				CLANG_WARN_DIRECT_OBJC_ISA_USAGE = YES_ERROR;
				CLANG_WARN_DOCUMENTATION_COMMENTS = YES;
				CLANG_WARN_EMPTY_BODY = YES;
				CLANG_WARN_ENUM_CONVERSION = YES;
				CLANG_WARN_INFINITE_RECURSION = YES;
				CLANG_WARN_INT_CONVERSION = YES;
				CLANG_WARN_NON_LITERAL_NULL_CONVERSION = YES;
				CLANG_WARN_OBJC_IMPLICIT_RETAIN_SELF = YES;
				CLANG_WARN_OBJC_LITERAL_CONVERSION = YES;
				CLANG_WARN_OBJC_ROOT_CLASS = YES_ERROR;
				CLANG_WARN_RANGE_LOOP_ANALYSIS = YES;
				CLANG_WARN_STRICT_PROTOTYPES = YES;
				CLANG_WARN_SUSPICIOUS_MOVE = YES;
				CLANG_WARN_UNGUARDED_AVAILABILITY = YES_AGGRESSIVE;
				CLANG_WARN_UNREACHABLE_CODE = YES;
				CLANG_WARN__DUPLICATE_METHOD_MATCH = YES;
				CODE_SIGN_IDENTITY = "iPhone Developer";
				COPY_PHASE_STRIP = NO;
				DEBUG_INFORMATION_FORMAT = "dwarf-with-dsym";
				ENABLE_NS_ASSERTIONS = NO;
				ENABLE_STRICT_OBJC_MSGSEND = YES;
				GCC_C_LANGUAGE_STANDARD = gnu11;
				GCC_NO_COMMON_BLOCKS = YES;
				GCC_WARN_64_TO_32_BIT_CONVERSION = YES;
				GCC_WARN_ABOUT_RETURN_TYPE = YES_ERROR;
				GCC_WARN_UNDECLARED_SELECTOR = YES;
				GCC_WARN_UNINITIALIZED_AUTOS = YES_AGGRESSIVE;
				GCC_WARN_UNUSED_FUNCTION = YES;
				GCC_WARN_UNUSED_VARIABLE = YES;
				IPHONEOS_DEPLOYMENT_TARGET = 12.4;
				MTL_ENABLE_DEBUG_INFO = NO;
				MTL_FAST_MATH = YES;
				SDKROOT = iphoneos;
				SWIFT_COMPILATION_MODE = wholemodule;
				SWIFT_OPTIMIZATION_LEVEL = "-O";
				VALIDATE_PRODUCT = YES;
			};
			name = Release;
		};
		005ABCF323B0A04D0039E1C0 /* Debug */ = {
			isa = XCBuildConfiguration;
			baseConfigurationReference = 2F93C6CAD32306876932C7D3 /* Pods-Grocery.debug.xcconfig */;
			buildSettings = {
				ASSETCATALOG_COMPILER_APPICON_NAME = AppIcon;
				CODE_SIGN_STYLE = Automatic;
				INFOPLIST_FILE = Grocery/Info.plist;
				LD_RUNPATH_SEARCH_PATHS = (
					"$(inherited)",
					"@executable_path/Frameworks",
				);
				PRODUCT_BUNDLE_IDENTIFIER = ecomarce.Grocery;
				PRODUCT_NAME = "$(TARGET_NAME)";
				SWIFT_VERSION = 5.0;
				TARGETED_DEVICE_FAMILY = "1,2";
			};
			name = Debug;
		};
		005ABCF423B0A04D0039E1C0 /* Release */ = {
			isa = XCBuildConfiguration;
			baseConfigurationReference = 8515E94F786671022813EE27 /* Pods-Grocery.release.xcconfig */;
			buildSettings = {
				ASSETCATALOG_COMPILER_APPICON_NAME = AppIcon;
				CODE_SIGN_STYLE = Automatic;
				INFOPLIST_FILE = Grocery/Info.plist;
				LD_RUNPATH_SEARCH_PATHS = (
					"$(inherited)",
					"@executable_path/Frameworks",
				);
				PRODUCT_BUNDLE_IDENTIFIER = ecomarce.Grocery;
				PRODUCT_NAME = "$(TARGET_NAME)";
				SWIFT_VERSION = 5.0;
				TARGETED_DEVICE_FAMILY = "1,2";
			};
			name = Release;
		};
		005ABCF623B0A04D0039E1C0 /* Debug */ = {
			isa = XCBuildConfiguration;
			baseConfigurationReference = 7B44589982F93BF536ACF026 /* Pods-GroceryTests.debug.xcconfig */;
			buildSettings = {
				ALWAYS_EMBED_SWIFT_STANDARD_LIBRARIES = YES;
				BUNDLE_LOADER = "$(TEST_HOST)";
				CODE_SIGN_STYLE = Automatic;
				INFOPLIST_FILE = GroceryTests/Info.plist;
				LD_RUNPATH_SEARCH_PATHS = (
					"$(inherited)",
					"@executable_path/Frameworks",
					"@loader_path/Frameworks",
				);
				PRODUCT_BUNDLE_IDENTIFIER = ecomarce.GroceryTests;
				PRODUCT_NAME = "$(TARGET_NAME)";
				SWIFT_VERSION = 5.0;
				TARGETED_DEVICE_FAMILY = "1,2";
				TEST_HOST = "$(BUILT_PRODUCTS_DIR)/Grocery.app/Grocery";
			};
			name = Debug;
		};
		005ABCF723B0A04D0039E1C0 /* Release */ = {
			isa = XCBuildConfiguration;
			baseConfigurationReference = BDFB53DAE12981FD3341AE92 /* Pods-GroceryTests.release.xcconfig */;
			buildSettings = {
				ALWAYS_EMBED_SWIFT_STANDARD_LIBRARIES = YES;
				BUNDLE_LOADER = "$(TEST_HOST)";
				CODE_SIGN_STYLE = Automatic;
				INFOPLIST_FILE = GroceryTests/Info.plist;
				LD_RUNPATH_SEARCH_PATHS = (
					"$(inherited)",
					"@executable_path/Frameworks",
					"@loader_path/Frameworks",
				);
				PRODUCT_BUNDLE_IDENTIFIER = ecomarce.GroceryTests;
				PRODUCT_NAME = "$(TARGET_NAME)";
				SWIFT_VERSION = 5.0;
				TARGETED_DEVICE_FAMILY = "1,2";
				TEST_HOST = "$(BUILT_PRODUCTS_DIR)/Grocery.app/Grocery";
			};
			name = Release;
		};
		005ABCF923B0A04D0039E1C0 /* Debug */ = {
			isa = XCBuildConfiguration;
			baseConfigurationReference = 424BA2E9AC3D66E8B0DB2066 /* Pods-Grocery-GroceryUITests.debug.xcconfig */;
			buildSettings = {
				ALWAYS_EMBED_SWIFT_STANDARD_LIBRARIES = YES;
				CODE_SIGN_STYLE = Automatic;
				INFOPLIST_FILE = GroceryUITests/Info.plist;
				LD_RUNPATH_SEARCH_PATHS = (
					"$(inherited)",
					"@executable_path/Frameworks",
					"@loader_path/Frameworks",
				);
				PRODUCT_BUNDLE_IDENTIFIER = ecomarce.GroceryUITests;
				PRODUCT_NAME = "$(TARGET_NAME)";
				SWIFT_VERSION = 5.0;
				TARGETED_DEVICE_FAMILY = "1,2";
				TEST_TARGET_NAME = Grocery;
			};
			name = Debug;
		};
		005ABCFA23B0A04D0039E1C0 /* Release */ = {
			isa = XCBuildConfiguration;
			baseConfigurationReference = AB68887014310CCF30B7D45E /* Pods-Grocery-GroceryUITests.release.xcconfig */;
			buildSettings = {
				ALWAYS_EMBED_SWIFT_STANDARD_LIBRARIES = YES;
				CODE_SIGN_STYLE = Automatic;
				INFOPLIST_FILE = GroceryUITests/Info.plist;
				LD_RUNPATH_SEARCH_PATHS = (
					"$(inherited)",
					"@executable_path/Frameworks",
					"@loader_path/Frameworks",
				);
				PRODUCT_BUNDLE_IDENTIFIER = ecomarce.GroceryUITests;
				PRODUCT_NAME = "$(TARGET_NAME)";
				SWIFT_VERSION = 5.0;
				TARGETED_DEVICE_FAMILY = "1,2";
				TEST_TARGET_NAME = Grocery;
			};
			name = Release;
		};
/* End XCBuildConfiguration section */

/* Begin XCConfigurationList section */
		005ABCC523B0A04C0039E1C0 /* Build configuration list for PBXProject "Grocery" */ = {
			isa = XCConfigurationList;
			buildConfigurations = (
				005ABCF023B0A04D0039E1C0 /* Debug */,
				005ABCF123B0A04D0039E1C0 /* Release */,
			);
			defaultConfigurationIsVisible = 0;
			defaultConfigurationName = Release;
		};
		005ABCF223B0A04D0039E1C0 /* Build configuration list for PBXNativeTarget "Grocery" */ = {
			isa = XCConfigurationList;
			buildConfigurations = (
				005ABCF323B0A04D0039E1C0 /* Debug */,
				005ABCF423B0A04D0039E1C0 /* Release */,
			);
			defaultConfigurationIsVisible = 0;
			defaultConfigurationName = Release;
		};
		005ABCF523B0A04D0039E1C0 /* Build configuration list for PBXNativeTarget "GroceryTests" */ = {
			isa = XCConfigurationList;
			buildConfigurations = (
				005ABCF623B0A04D0039E1C0 /* Debug */,
				005ABCF723B0A04D0039E1C0 /* Release */,
			);
			defaultConfigurationIsVisible = 0;
			defaultConfigurationName = Release;
		};
		005ABCF823B0A04D0039E1C0 /* Build configuration list for PBXNativeTarget "GroceryUITests" */ = {
			isa = XCConfigurationList;
			buildConfigurations = (
				005ABCF923B0A04D0039E1C0 /* Debug */,
				005ABCFA23B0A04D0039E1C0 /* Release */,
			);
			defaultConfigurationIsVisible = 0;
			defaultConfigurationName = Release;
		};
/* End XCConfigurationList section */
	};
	rootObject = 005ABCC223B0A04C0039E1C0 /* Project object */;
}
